// !$*UTF8*$!
{
	archiveVersion = 1;
	classes = {
	};
	objectVersion = 56;
	objects = {

/* Begin PBXBuildFile section */
		D52BF2022BB0486200B55FE2 /* QuizAppApp.swift in Sources */ = {isa = PBXBuildFile; fileRef = D52BF2012BB0486200B55FE2 /* QuizAppApp.swift */; };
		D52BF2042BB0486200B55FE2 /* ContentView.swift in Sources */ = {isa = PBXBuildFile; fileRef = D52BF2032BB0486200B55FE2 /* ContentView.swift */; };
		D52BF2062BB0486300B55FE2 /* Assets.xcassets in Resources */ = {isa = PBXBuildFile; fileRef = D52BF2052BB0486300B55FE2 /* Assets.xcassets */; };
		D52BF2092BB0486300B55FE2 /* Preview Assets.xcassets in Resources */ = {isa = PBXBuildFile; fileRef = D52BF2082BB0486300B55FE2 /* Preview Assets.xcassets */; };
		D52BF2132BB0492D00B55FE2 /* FirebaseAnalytics in Frameworks */ = {isa = PBXBuildFile; productRef = D52BF2122BB0492D00B55FE2 /* FirebaseAnalytics */; };
		D52BF2152BB0492D00B55FE2 /* FirebaseAnalyticsOnDeviceConversion in Frameworks */ = {isa = PBXBuildFile; productRef = D52BF2142BB0492D00B55FE2 /* FirebaseAnalyticsOnDeviceConversion */; };
		D52BF2172BB0492D00B55FE2 /* FirebaseAnalyticsSwift in Frameworks */ = {isa = PBXBuildFile; productRef = D52BF2162BB0492D00B55FE2 /* FirebaseAnalyticsSwift */; };
		D52BF2192BB0492D00B55FE2 /* FirebaseAnalyticsWithoutAdIdSupport in Frameworks */ = {isa = PBXBuildFile; productRef = D52BF2182BB0492D00B55FE2 /* FirebaseAnalyticsWithoutAdIdSupport */; };
		D52BF21B2BB0492D00B55FE2 /* FirebaseAppCheck in Frameworks */ = {isa = PBXBuildFile; productRef = D52BF21A2BB0492D00B55FE2 /* FirebaseAppCheck */; };
		D52BF21D2BB0492D00B55FE2 /* FirebaseAppDistribution-Beta in Frameworks */ = {isa = PBXBuildFile; productRef = D52BF21C2BB0492D00B55FE2 /* FirebaseAppDistribution-Beta */; };
		D52BF21F2BB0492D00B55FE2 /* FirebaseAuth in Frameworks */ = {isa = PBXBuildFile; productRef = D52BF21E2BB0492D00B55FE2 /* FirebaseAuth */; };
		D52BF2212BB0492D00B55FE2 /* FirebaseAuthCombine-Community in Frameworks */ = {isa = PBXBuildFile; productRef = D52BF2202BB0492D00B55FE2 /* FirebaseAuthCombine-Community */; };
		D52BF2232BB0492D00B55FE2 /* FirebaseCrashlytics in Frameworks */ = {isa = PBXBuildFile; productRef = D52BF2222BB0492D00B55FE2 /* FirebaseCrashlytics */; };
		D52BF2252BB0492D00B55FE2 /* FirebaseDatabase in Frameworks */ = {isa = PBXBuildFile; productRef = D52BF2242BB0492D00B55FE2 /* FirebaseDatabase */; };
		D52BF2272BB0492D00B55FE2 /* FirebaseDatabaseSwift in Frameworks */ = {isa = PBXBuildFile; productRef = D52BF2262BB0492D00B55FE2 /* FirebaseDatabaseSwift */; };
		D52BF2292BB0492D00B55FE2 /* FirebaseDynamicLinks in Frameworks */ = {isa = PBXBuildFile; productRef = D52BF2282BB0492D00B55FE2 /* FirebaseDynamicLinks */; };
		D52BF22B2BB0492D00B55FE2 /* FirebaseFirestore in Frameworks */ = {isa = PBXBuildFile; productRef = D52BF22A2BB0492D00B55FE2 /* FirebaseFirestore */; };
		D52BF22D2BB0492D00B55FE2 /* FirebaseFirestoreCombine-Community in Frameworks */ = {isa = PBXBuildFile; productRef = D52BF22C2BB0492D00B55FE2 /* FirebaseFirestoreCombine-Community */; };
		D52BF22F2BB0492D00B55FE2 /* FirebaseFirestoreSwift in Frameworks */ = {isa = PBXBuildFile; productRef = D52BF22E2BB0492D00B55FE2 /* FirebaseFirestoreSwift */; };
		D52BF2312BB0492D00B55FE2 /* FirebaseFunctions in Frameworks */ = {isa = PBXBuildFile; productRef = D52BF2302BB0492D00B55FE2 /* FirebaseFunctions */; };
		D52BF2332BB0492D00B55FE2 /* FirebaseFunctionsCombine-Community in Frameworks */ = {isa = PBXBuildFile; productRef = D52BF2322BB0492D00B55FE2 /* FirebaseFunctionsCombine-Community */; };
		D52BF2352BB0492D00B55FE2 /* FirebaseInAppMessaging-Beta in Frameworks */ = {isa = PBXBuildFile; productRef = D52BF2342BB0492D00B55FE2 /* FirebaseInAppMessaging-Beta */; };
		D52BF2372BB0492D00B55FE2 /* FirebaseInAppMessagingSwift-Beta in Frameworks */ = {isa = PBXBuildFile; productRef = D52BF2362BB0492D00B55FE2 /* FirebaseInAppMessagingSwift-Beta */; };
		D52BF2392BB0492D00B55FE2 /* FirebaseInstallations in Frameworks */ = {isa = PBXBuildFile; productRef = D52BF2382BB0492D00B55FE2 /* FirebaseInstallations */; };
		D52BF23B2BB0492D00B55FE2 /* FirebaseMLModelDownloader in Frameworks */ = {isa = PBXBuildFile; productRef = D52BF23A2BB0492D00B55FE2 /* FirebaseMLModelDownloader */; };
		D52BF23D2BB0492D00B55FE2 /* FirebaseMessaging in Frameworks */ = {isa = PBXBuildFile; productRef = D52BF23C2BB0492D00B55FE2 /* FirebaseMessaging */; };
		D52BF23F2BB0492D00B55FE2 /* FirebasePerformance in Frameworks */ = {isa = PBXBuildFile; productRef = D52BF23E2BB0492D00B55FE2 /* FirebasePerformance */; };
		D52BF2412BB0492D00B55FE2 /* FirebaseRemoteConfig in Frameworks */ = {isa = PBXBuildFile; productRef = D52BF2402BB0492D00B55FE2 /* FirebaseRemoteConfig */; };
		D52BF2432BB0492D00B55FE2 /* FirebaseRemoteConfigSwift in Frameworks */ = {isa = PBXBuildFile; productRef = D52BF2422BB0492D00B55FE2 /* FirebaseRemoteConfigSwift */; };
		D52BF2452BB0492D00B55FE2 /* FirebaseStorage in Frameworks */ = {isa = PBXBuildFile; productRef = D52BF2442BB0492D00B55FE2 /* FirebaseStorage */; };
		D52BF2472BB0492D00B55FE2 /* FirebaseStorageCombine-Community in Frameworks */ = {isa = PBXBuildFile; productRef = D52BF2462BB0492D00B55FE2 /* FirebaseStorageCombine-Community */; };
		D52BF24D2BB04B5000B55FE2 /* Home.swift in Sources */ = {isa = PBXBuildFile; fileRef = D52BF24C2BB04B5000B55FE2 /* Home.swift */; };
		D52BF2502BB04B7700B55FE2 /* Info.swift in Sources */ = {isa = PBXBuildFile; fileRef = D52BF24F2BB04B7700B55FE2 /* Info.swift */; };
		D52BF2522BB05F6000B55FE2 /* GoogleService-Info.plist in Resources */ = {isa = PBXBuildFile; fileRef = D52BF2512BB05F6000B55FE2 /* GoogleService-Info.plist */; };
/* End PBXBuildFile section */

/* Begin PBXFileReference section */
		D52BF1FE2BB0486200B55FE2 /* QuizApp.app */ = {isa = PBXFileReference; explicitFileType = wrapper.application; includeInIndex = 0; path = QuizApp.app; sourceTree = BUILT_PRODUCTS_DIR; };
		D52BF2012BB0486200B55FE2 /* QuizAppApp.swift */ = {isa = PBXFileReference; lastKnownFileType = sourcecode.swift; path = QuizAppApp.swift; sourceTree = "<group>"; };
		D52BF2032BB0486200B55FE2 /* ContentView.swift */ = {isa = PBXFileReference; lastKnownFileType = sourcecode.swift; path = ContentView.swift; sourceTree = "<group>"; };
		D52BF2052BB0486300B55FE2 /* Assets.xcassets */ = {isa = PBXFileReference; lastKnownFileType = folder.assetcatalog; path = Assets.xcassets; sourceTree = "<group>"; };
		D52BF2082BB0486300B55FE2 /* Preview Assets.xcassets */ = {isa = PBXFileReference; lastKnownFileType = folder.assetcatalog; path = "Preview Assets.xcassets"; sourceTree = "<group>"; };
		D52BF24C2BB04B5000B55FE2 /* Home.swift */ = {isa = PBXFileReference; lastKnownFileType = sourcecode.swift; path = Home.swift; sourceTree = "<group>"; };
		D52BF24F2BB04B7700B55FE2 /* Info.swift */ = {isa = PBXFileReference; lastKnownFileType = sourcecode.swift; path = Info.swift; sourceTree = "<group>"; };
		D52BF2512BB05F6000B55FE2 /* GoogleService-Info.plist */ = {isa = PBXFileReference; fileEncoding = 4; lastKnownFileType = text.plist.xml; path = "GoogleService-Info.plist"; sourceTree = "<group>"; };
/* End PBXFileReference section */

/* Begin PBXFrameworksBuildPhase section */
		D52BF1FB2BB0486200B55FE2 /* Frameworks */ = {
			isa = PBXFrameworksBuildPhase;
			buildActionMask = 2147483647;
			files = (
				D52BF2252BB0492D00B55FE2 /* FirebaseDatabase in Frameworks */,
				D52BF2332BB0492D00B55FE2 /* FirebaseFunctionsCombine-Community in Frameworks */,
				D52BF22B2BB0492D00B55FE2 /* FirebaseFirestore in Frameworks */,
				D52BF2172BB0492D00B55FE2 /* FirebaseAnalyticsSwift in Frameworks */,
				D52BF2132BB0492D00B55FE2 /* FirebaseAnalytics in Frameworks */,
				D52BF2152BB0492D00B55FE2 /* FirebaseAnalyticsOnDeviceConversion in Frameworks */,
				D52BF23B2BB0492D00B55FE2 /* FirebaseMLModelDownloader in Frameworks */,
				D52BF22F2BB0492D00B55FE2 /* FirebaseFirestoreSwift in Frameworks */,
				D52BF21B2BB0492D00B55FE2 /* FirebaseAppCheck in Frameworks */,
				D52BF2192BB0492D00B55FE2 /* FirebaseAnalyticsWithoutAdIdSupport in Frameworks */,
				D52BF21F2BB0492D00B55FE2 /* FirebaseAuth in Frameworks */,
				D52BF2232BB0492D00B55FE2 /* FirebaseCrashlytics in Frameworks */,
				D52BF2432BB0492D00B55FE2 /* FirebaseRemoteConfigSwift in Frameworks */,
				D52BF2352BB0492D00B55FE2 /* FirebaseInAppMessaging-Beta in Frameworks */,
				D52BF2272BB0492D00B55FE2 /* FirebaseDatabaseSwift in Frameworks */,
				D52BF2312BB0492D00B55FE2 /* FirebaseFunctions in Frameworks */,
				D52BF2472BB0492D00B55FE2 /* FirebaseStorageCombine-Community in Frameworks */,
				D52BF2412BB0492D00B55FE2 /* FirebaseRemoteConfig in Frameworks */,
				D52BF21D2BB0492D00B55FE2 /* FirebaseAppDistribution-Beta in Frameworks */,
				D52BF2212BB0492D00B55FE2 /* FirebaseAuthCombine-Community in Frameworks */,
				D52BF23F2BB0492D00B55FE2 /* FirebasePerformance in Frameworks */,
				D52BF2372BB0492D00B55FE2 /* FirebaseInAppMessagingSwift-Beta in Frameworks */,
				D52BF2452BB0492D00B55FE2 /* FirebaseStorage in Frameworks */,
				D52BF2292BB0492D00B55FE2 /* FirebaseDynamicLinks in Frameworks */,
				D52BF22D2BB0492D00B55FE2 /* FirebaseFirestoreCombine-Community in Frameworks */,
				D52BF23D2BB0492D00B55FE2 /* FirebaseMessaging in Frameworks */,
				D52BF2392BB0492D00B55FE2 /* FirebaseInstallations in Frameworks */,
			);
			runOnlyForDeploymentPostprocessing = 0;
		};
/* End PBXFrameworksBuildPhase section */

/* Begin PBXGroup section */
		D52BF1F52BB0486200B55FE2 = {
			isa = PBXGroup;
			children = (
				D52BF2002BB0486200B55FE2 /* QuizApp */,
				D52BF1FF2BB0486200B55FE2 /* Products */,
			);
			sourceTree = "<group>";
		};
		D52BF1FF2BB0486200B55FE2 /* Products */ = {
			isa = PBXGroup;
			children = (
				D52BF1FE2BB0486200B55FE2 /* QuizApp.app */,
			);
			name = Products;
			sourceTree = "<group>";
		};
		D52BF2002BB0486200B55FE2 /* QuizApp */ = {
			isa = PBXGroup;
			children = (
				D52BF2512BB05F6000B55FE2 /* GoogleService-Info.plist */,
				D52BF2492BB04B2C00B55FE2 /* View */,
				D52BF2482BB04B2600B55FE2 /* Model */,
				D52BF2012BB0486200B55FE2 /* QuizAppApp.swift */,
				D52BF2032BB0486200B55FE2 /* ContentView.swift */,
				D52BF2052BB0486300B55FE2 /* Assets.xcassets */,
				D52BF2072BB0486300B55FE2 /* Preview Content */,
			);
			path = QuizApp;
			sourceTree = "<group>";
		};
		D52BF2072BB0486300B55FE2 /* Preview Content */ = {
			isa = PBXGroup;
			children = (
				D52BF2082BB0486300B55FE2 /* Preview Assets.xcassets */,
			);
			path = "Preview Content";
			sourceTree = "<group>";
		};
		D52BF2482BB04B2600B55FE2 /* Model */ = {
			isa = PBXGroup;
			children = (
				D52BF24F2BB04B7700B55FE2 /* Info.swift */,
			);
			path = Model;
			sourceTree = "<group>";
		};
		D52BF2492BB04B2C00B55FE2 /* View */ = {
			isa = PBXGroup;
			children = (
				D52BF24C2BB04B5000B55FE2 /* Home.swift */,
			);
			path = View;
			sourceTree = "<group>";
		};
/* End PBXGroup section */

/* Begin PBXNativeTarget section */
		D52BF1FD2BB0486200B55FE2 /* QuizApp */ = {
			isa = PBXNativeTarget;
			buildConfigurationList = D52BF20C2BB0486300B55FE2 /* Build configuration list for PBXNativeTarget "QuizApp" */;
			buildPhases = (
				D52BF1FA2BB0486200B55FE2 /* Sources */,
				D52BF1FB2BB0486200B55FE2 /* Frameworks */,
				D52BF1FC2BB0486200B55FE2 /* Resources */,
			);
			buildRules = (
			);
			dependencies = (
			);
			name = QuizApp;
			packageProductDependencies = (
				D52BF2122BB0492D00B55FE2 /* FirebaseAnalytics */,
				D52BF2142BB0492D00B55FE2 /* FirebaseAnalyticsOnDeviceConversion */,
				D52BF2162BB0492D00B55FE2 /* FirebaseAnalyticsSwift */,
				D52BF2182BB0492D00B55FE2 /* FirebaseAnalyticsWithoutAdIdSupport */,
				D52BF21A2BB0492D00B55FE2 /* FirebaseAppCheck */,
				D52BF21C2BB0492D00B55FE2 /* FirebaseAppDistribution-Beta */,
				D52BF21E2BB0492D00B55FE2 /* FirebaseAuth */,
				D52BF2202BB0492D00B55FE2 /* FirebaseAuthCombine-Community */,
				D52BF2222BB0492D00B55FE2 /* FirebaseCrashlytics */,
				D52BF2242BB0492D00B55FE2 /* FirebaseDatabase */,
				D52BF2262BB0492D00B55FE2 /* FirebaseDatabaseSwift */,
				D52BF2282BB0492D00B55FE2 /* FirebaseDynamicLinks */,
				D52BF22A2BB0492D00B55FE2 /* FirebaseFirestore */,
				D52BF22C2BB0492D00B55FE2 /* FirebaseFirestoreCombine-Community */,
				D52BF22E2BB0492D00B55FE2 /* FirebaseFirestoreSwift */,
				D52BF2302BB0492D00B55FE2 /* FirebaseFunctions */,
				D52BF2322BB0492D00B55FE2 /* FirebaseFunctionsCombine-Community */,
				D52BF2342BB0492D00B55FE2 /* FirebaseInAppMessaging-Beta */,
				D52BF2362BB0492D00B55FE2 /* FirebaseInAppMessagingSwift-Beta */,
				D52BF2382BB0492D00B55FE2 /* FirebaseInstallations */,
				D52BF23A2BB0492D00B55FE2 /* FirebaseMLModelDownloader */,
				D52BF23C2BB0492D00B55FE2 /* FirebaseMessaging */,
				D52BF23E2BB0492D00B55FE2 /* FirebasePerformance */,
				D52BF2402BB0492D00B55FE2 /* FirebaseRemoteConfig */,
				D52BF2422BB0492D00B55FE2 /* FirebaseRemoteConfigSwift */,
				D52BF2442BB0492D00B55FE2 /* FirebaseStorage */,
				D52BF2462BB0492D00B55FE2 /* FirebaseStorageCombine-Community */,
			);
			productName = QuizApp;
			productReference = D52BF1FE2BB0486200B55FE2 /* QuizApp.app */;
			productType = "com.apple.product-type.application";
		};
/* End PBXNativeTarget section */

/* Begin PBXProject section */
		D52BF1F62BB0486200B55FE2 /* Project object */ = {
			isa = PBXProject;
			attributes = {
				BuildIndependentTargetsInParallel = 1;
				LastSwiftUpdateCheck = 1520;
				LastUpgradeCheck = 1520;
				TargetAttributes = {
					D52BF1FD2BB0486200B55FE2 = {
						CreatedOnToolsVersion = 15.2;
					};
				};
			};
			buildConfigurationList = D52BF1F92BB0486200B55FE2 /* Build configuration list for PBXProject "QuizApp" */;
			compatibilityVersion = "Xcode 14.0";
			developmentRegion = en;
			hasScannedForEncodings = 0;
			knownRegions = (
				en,
				Base,
			);
			mainGroup = D52BF1F52BB0486200B55FE2;
			packageReferences = (
				D52BF2112BB0492D00B55FE2 /* XCRemoteSwiftPackageReference "firebase-ios-sdk" */,
			);
			productRefGroup = D52BF1FF2BB0486200B55FE2 /* Products */;
			projectDirPath = "";
			projectRoot = "";
			targets = (
				D52BF1FD2BB0486200B55FE2 /* QuizApp */,
			);
		};
/* End PBXProject section */

/* Begin PBXResourcesBuildPhase section */
		D52BF1FC2BB0486200B55FE2 /* Resources */ = {
			isa = PBXResourcesBuildPhase;
			buildActionMask = 2147483647;
			files = (
				D52BF2092BB0486300B55FE2 /* Preview Assets.xcassets in Resources */,
				D52BF2522BB05F6000B55FE2 /* GoogleService-Info.plist in Resources */,
				D52BF2062BB0486300B55FE2 /* Assets.xcassets in Resources */,
			);
			runOnlyForDeploymentPostprocessing = 0;
		};
/* End PBXResourcesBuildPhase section */

/* Begin PBXSourcesBuildPhase section */
		D52BF1FA2BB0486200B55FE2 /* Sources */ = {
			isa = PBXSourcesBuildPhase;
			buildActionMask = 2147483647;
			files = (
				D52BF2042BB0486200B55FE2 /* ContentView.swift in Sources */,
				D52BF2502BB04B7700B55FE2 /* Info.swift in Sources */,
				D52BF24D2BB04B5000B55FE2 /* Home.swift in Sources */,
				D52BF2022BB0486200B55FE2 /* QuizAppApp.swift in Sources */,
			);
			runOnlyForDeploymentPostprocessing = 0;
		};
/* End PBXSourcesBuildPhase section */

/* Begin XCBuildConfiguration section */
		D52BF20A2BB0486300B55FE2 /* Debug */ = {
			isa = XCBuildConfiguration;
			buildSettings = {
				ALWAYS_SEARCH_USER_PATHS = NO;
				ASSETCATALOG_COMPILER_GENERATE_SWIFT_ASSET_SYMBOL_EXTENSIONS = YES;
				CLANG_ANALYZER_NONNULL = YES;
				CLANG_ANALYZER_NUMBER_OBJECT_CONVERSION = YES_AGGRESSIVE;
				CLANG_CXX_LANGUAGE_STANDARD = "gnu++20";
				CLANG_ENABLE_MODULES = YES;
				CLANG_ENABLE_OBJC_ARC = YES;
				CLANG_ENABLE_OBJC_WEAK = YES;
				CLANG_WARN_BLOCK_CAPTURE_AUTORELEASING = YES;
				CLANG_WARN_BOOL_CONVERSION = YES;
				CLANG_WARN_COMMA = YES;
				CLANG_WARN_CONSTANT_CONVERSION = YES;
				CLANG_WARN_DEPRECATED_OBJC_IMPLEMENTATIONS = YES;
				CLANG_WARN_DIRECT_OBJC_ISA_USAGE = YES_ERROR;
				CLANG_WARN_DOCUMENTATION_COMMENTS = YES;
				CLANG_WARN_EMPTY_BODY = YES;
				CLANG_WARN_ENUM_CONVERSION = YES;
				CLANG_WARN_INFINITE_RECURSION = YES;
				CLANG_WARN_INT_CONVERSION = YES;
				CLANG_WARN_NON_LITERAL_NULL_CONVERSION = YES;
				CLANG_WARN_OBJC_IMPLICIT_RETAIN_SELF = YES;
				CLANG_WARN_OBJC_LITERAL_CONVERSION = YES;
				CLANG_WARN_OBJC_ROOT_CLASS = YES_ERROR;
				CLANG_WARN_QUOTED_INCLUDE_IN_FRAMEWORK_HEADER = YES;
				CLANG_WARN_RANGE_LOOP_ANALYSIS = YES;
				CLANG_WARN_STRICT_PROTOTYPES = YES;
				CLANG_WARN_SUSPICIOUS_MOVE = YES;
				CLANG_WARN_UNGUARDED_AVAILABILITY = YES_AGGRESSIVE;
				CLANG_WARN_UNREACHABLE_CODE = YES;
				CLANG_WARN__DUPLICATE_METHOD_MATCH = YES;
				COPY_PHASE_STRIP = NO;
				DEBUG_INFORMATION_FORMAT = dwarf;
				ENABLE_STRICT_OBJC_MSGSEND = YES;
				ENABLE_TESTABILITY = YES;
				ENABLE_USER_SCRIPT_SANDBOXING = YES;
				GCC_C_LANGUAGE_STANDARD = gnu17;
				GCC_DYNAMIC_NO_PIC = NO;
				GCC_NO_COMMON_BLOCKS = YES;
				GCC_OPTIMIZATION_LEVEL = 0;
				GCC_PREPROCESSOR_DEFINITIONS = (
					"DEBUG=1",
					"$(inherited)",
				);
				GCC_WARN_64_TO_32_BIT_CONVERSION = YES;
				GCC_WARN_ABOUT_RETURN_TYPE = YES_ERROR;
				GCC_WARN_UNDECLARED_SELECTOR = YES;
				GCC_WARN_UNINITIALIZED_AUTOS = YES_AGGRESSIVE;
				GCC_WARN_UNUSED_FUNCTION = YES;
				GCC_WARN_UNUSED_VARIABLE = YES;
				IPHONEOS_DEPLOYMENT_TARGET = 17.2;
				LOCALIZATION_PREFERS_STRING_CATALOGS = YES;
				MTL_ENABLE_DEBUG_INFO = INCLUDE_SOURCE;
				MTL_FAST_MATH = YES;
				ONLY_ACTIVE_ARCH = YES;
				SDKROOT = iphoneos;
				SWIFT_ACTIVE_COMPILATION_CONDITIONS = "DEBUG $(inherited)";
				SWIFT_OPTIMIZATION_LEVEL = "-Onone";
			};
			name = Debug;
		};
		D52BF20B2BB0486300B55FE2 /* Release */ = {
			isa = XCBuildConfiguration;
			buildSettings = {
				ALWAYS_SEARCH_USER_PATHS = NO;
				ASSETCATALOG_COMPILER_GENERATE_SWIFT_ASSET_SYMBOL_EXTENSIONS = YES;
				CLANG_ANALYZER_NONNULL = YES;
				CLANG_ANALYZER_NUMBER_OBJECT_CONVERSION = YES_AGGRESSIVE;
				CLANG_CXX_LANGUAGE_STANDARD = "gnu++20";
				CLANG_ENABLE_MODULES = YES;
				CLANG_ENABLE_OBJC_ARC = YES;
				CLANG_ENABLE_OBJC_WEAK = YES;
				CLANG_WARN_BLOCK_CAPTURE_AUTORELEASING = YES;
				CLANG_WARN_BOOL_CONVERSION = YES;
				CLANG_WARN_COMMA = YES;
				CLANG_WARN_CONSTANT_CONVERSION = YES;
				CLANG_WARN_DEPRECATED_OBJC_IMPLEMENTATIONS = YES;
				CLANG_WARN_DIRECT_OBJC_ISA_USAGE = YES_ERROR;
				CLANG_WARN_DOCUMENTATION_COMMENTS = YES;
				CLANG_WARN_EMPTY_BODY = YES;
				CLANG_WARN_ENUM_CONVERSION = YES;
				CLANG_WARN_INFINITE_RECURSION = YES;
				CLANG_WARN_INT_CONVERSION = YES;
				CLANG_WARN_NON_LITERAL_NULL_CONVERSION = YES;
				CLANG_WARN_OBJC_IMPLICIT_RETAIN_SELF = YES;
				CLANG_WARN_OBJC_LITERAL_CONVERSION = YES;
				CLANG_WARN_OBJC_ROOT_CLASS = YES_ERROR;
				CLANG_WARN_QUOTED_INCLUDE_IN_FRAMEWORK_HEADER = YES;
				CLANG_WARN_RANGE_LOOP_ANALYSIS = YES;
				CLANG_WARN_STRICT_PROTOTYPES = YES;
				CLANG_WARN_SUSPICIOUS_MOVE = YES;
				CLANG_WARN_UNGUARDED_AVAILABILITY = YES_AGGRESSIVE;
				CLANG_WARN_UNREACHABLE_CODE = YES;
				CLANG_WARN__DUPLICATE_METHOD_MATCH = YES;
				COPY_PHASE_STRIP = NO;
				DEBUG_INFORMATION_FORMAT = "dwarf-with-dsym";
				ENABLE_NS_ASSERTIONS = NO;
				ENABLE_STRICT_OBJC_MSGSEND = YES;
				ENABLE_USER_SCRIPT_SANDBOXING = YES;
				GCC_C_LANGUAGE_STANDARD = gnu17;
				GCC_NO_COMMON_BLOCKS = YES;
				GCC_WARN_64_TO_32_BIT_CONVERSION = YES;
				GCC_WARN_ABOUT_RETURN_TYPE = YES_ERROR;
				GCC_WARN_UNDECLARED_SELECTOR = YES;
				GCC_WARN_UNINITIALIZED_AUTOS = YES_AGGRESSIVE;
				GCC_WARN_UNUSED_FUNCTION = YES;
				GCC_WARN_UNUSED_VARIABLE = YES;
				IPHONEOS_DEPLOYMENT_TARGET = 17.2;
				LOCALIZATION_PREFERS_STRING_CATALOGS = YES;
				MTL_ENABLE_DEBUG_INFO = NO;
				MTL_FAST_MATH = YES;
				SDKROOT = iphoneos;
				SWIFT_COMPILATION_MODE = wholemodule;
				VALIDATE_PRODUCT = YES;
			};
			name = Release;
		};
		D52BF20D2BB0486300B55FE2 /* Debug */ = {
			isa = XCBuildConfiguration;
			buildSettings = {
				ASSETCATALOG_COMPILER_APPICON_NAME = AppIcon;
				ASSETCATALOG_COMPILER_GLOBAL_ACCENT_COLOR_NAME = AccentColor;
				CODE_SIGN_STYLE = Automatic;
				CURRENT_PROJECT_VERSION = 1;
				DEVELOPMENT_ASSET_PATHS = "\"QuizApp/Preview Content\"";
				ENABLE_PREVIEWS = YES;
				GENERATE_INFOPLIST_FILE = YES;
				INFOPLIST_KEY_UIApplicationSceneManifest_Generation = YES;
				INFOPLIST_KEY_UIApplicationSupportsIndirectInputEvents = YES;
				INFOPLIST_KEY_UILaunchScreen_Generation = YES;
				INFOPLIST_KEY_UISupportedInterfaceOrientations_iPad = "UIInterfaceOrientationPortrait UIInterfaceOrientationPortraitUpsideDown UIInterfaceOrientationLandscapeLeft UIInterfaceOrientationLandscapeRight";
				INFOPLIST_KEY_UISupportedInterfaceOrientations_iPhone = "UIInterfaceOrientationPortrait UIInterfaceOrientationLandscapeLeft UIInterfaceOrientationLandscapeRight";
				LD_RUNPATH_SEARCH_PATHS = (
					"$(inherited)",
					"@executable_path/Frameworks",
				);
				MARKETING_VERSION = 1.0;
				PRODUCT_BUNDLE_IDENTIFIER = com.alpayergul.QuizApp;
				PRODUCT_NAME = "$(TARGET_NAME)";
				SWIFT_EMIT_LOC_STRINGS = YES;
				SWIFT_VERSION = 5.0;
				TARGETED_DEVICE_FAMILY = "1,2";
			};
			name = Debug;
		};
		D52BF20E2BB0486300B55FE2 /* Release */ = {
			isa = XCBuildConfiguration;
			buildSettings = {
				ASSETCATALOG_COMPILER_APPICON_NAME = AppIcon;
				ASSETCATALOG_COMPILER_GLOBAL_ACCENT_COLOR_NAME = AccentColor;
				CODE_SIGN_STYLE = Automatic;
				CURRENT_PROJECT_VERSION = 1;
				DEVELOPMENT_ASSET_PATHS = "\"QuizApp/Preview Content\"";
				ENABLE_PREVIEWS = YES;
				GENERATE_INFOPLIST_FILE = YES;
				INFOPLIST_KEY_UIApplicationSceneManifest_Generation = YES;
				INFOPLIST_KEY_UIApplicationSupportsIndirectInputEvents = YES;
				INFOPLIST_KEY_UILaunchScreen_Generation = YES;
				INFOPLIST_KEY_UISupportedInterfaceOrientations_iPad = "UIInterfaceOrientationPortrait UIInterfaceOrientationPortraitUpsideDown UIInterfaceOrientationLandscapeLeft UIInterfaceOrientationLandscapeRight";
				INFOPLIST_KEY_UISupportedInterfaceOrientations_iPhone = "UIInterfaceOrientationPortrait UIInterfaceOrientationLandscapeLeft UIInterfaceOrientationLandscapeRight";
				LD_RUNPATH_SEARCH_PATHS = (
					"$(inherited)",
					"@executable_path/Frameworks",
				);
				MARKETING_VERSION = 1.0;
				PRODUCT_BUNDLE_IDENTIFIER = com.alpayergul.QuizApp;
				PRODUCT_NAME = "$(TARGET_NAME)";
				SWIFT_EMIT_LOC_STRINGS = YES;
				SWIFT_VERSION = 5.0;
				TARGETED_DEVICE_FAMILY = "1,2";
			};
			name = Release;
		};
/* End XCBuildConfiguration section */

/* Begin XCConfigurationList section */
		D52BF1F92BB0486200B55FE2 /* Build configuration list for PBXProject "QuizApp" */ = {
			isa = XCConfigurationList;
			buildConfigurations = (
				D52BF20A2BB0486300B55FE2 /* Debug */,
				D52BF20B2BB0486300B55FE2 /* Release */,
			);
			defaultConfigurationIsVisible = 0;
			defaultConfigurationName = Release;
		};
		D52BF20C2BB0486300B55FE2 /* Build configuration list for PBXNativeTarget "QuizApp" */ = {
			isa = XCConfigurationList;
			buildConfigurations = (
				D52BF20D2BB0486300B55FE2 /* Debug */,
				D52BF20E2BB0486300B55FE2 /* Release */,
			);
			defaultConfigurationIsVisible = 0;
			defaultConfigurationName = Release;
		};
/* End XCConfigurationList section */

/* Begin XCRemoteSwiftPackageReference section */
		D52BF2112BB0492D00B55FE2 /* XCRemoteSwiftPackageReference "firebase-ios-sdk" */ = {
			isa = XCRemoteSwiftPackageReference;
			repositoryURL = "https://github.com/firebase/firebase-ios-sdk.git";
			requirement = {
				kind = exactVersion;
				version = 10.23.0;
			};
		};
/* End XCRemoteSwiftPackageReference section */

/* Begin XCSwiftPackageProductDependency section */
		D52BF2122BB0492D00B55FE2 /* FirebaseAnalytics */ = {
			isa = XCSwiftPackageProductDependency;
			package = D52BF2112BB0492D00B55FE2 /* XCRemoteSwiftPackageReference "firebase-ios-sdk" */;
			productName = FirebaseAnalytics;
		};
		D52BF2142BB0492D00B55FE2 /* FirebaseAnalyticsOnDeviceConversion */ = {
			isa = XCSwiftPackageProductDependency;
			package = D52BF2112BB0492D00B55FE2 /* XCRemoteSwiftPackageReference "firebase-ios-sdk" */;
			productName = FirebaseAnalyticsOnDeviceConversion;
		};
		D52BF2162BB0492D00B55FE2 /* FirebaseAnalyticsSwift */ = {
			isa = XCSwiftPackageProductDependency;
			package = D52BF2112BB0492D00B55FE2 /* XCRemoteSwiftPackageReference "firebase-ios-sdk" */;
			productName = FirebaseAnalyticsSwift;
		};
		D52BF2182BB0492D00B55FE2 /* FirebaseAnalyticsWithoutAdIdSupport */ = {
			isa = XCSwiftPackageProductDependency;
			package = D52BF2112BB0492D00B55FE2 /* XCRemoteSwiftPackageReference "firebase-ios-sdk" */;
			productName = FirebaseAnalyticsWithoutAdIdSupport;
		};
		D52BF21A2BB0492D00B55FE2 /* FirebaseAppCheck */ = {
			isa = XCSwiftPackageProductDependency;
			package = D52BF2112BB0492D00B55FE2 /* XCRemoteSwiftPackageReference "firebase-ios-sdk" */;
			productName = FirebaseAppCheck;
		};
		D52BF21C2BB0492D00B55FE2 /* FirebaseAppDistribution-Beta */ = {
			isa = XCSwiftPackageProductDependency;
			package = D52BF2112BB0492D00B55FE2 /* XCRemoteSwiftPackageReference "firebase-ios-sdk" */;
			productName = "FirebaseAppDistribution-Beta";
		};
		D52BF21E2BB0492D00B55FE2 /* FirebaseAuth */ = {
			isa = XCSwiftPackageProductDependency;
			package = D52BF2112BB0492D00B55FE2 /* XCRemoteSwiftPackageReference "firebase-ios-sdk" */;
			productName = FirebaseAuth;
		};
		D52BF2202BB0492D00B55FE2 /* FirebaseAuthCombine-Community */ = {
			isa = XCSwiftPackageProductDependency;
			package = D52BF2112BB0492D00B55FE2 /* XCRemoteSwiftPackageReference "firebase-ios-sdk" */;
			productName = "FirebaseAuthCombine-Community";
		};
		D52BF2222BB0492D00B55FE2 /* FirebaseCrashlytics */ = {
			isa = XCSwiftPackageProductDependency;
			package = D52BF2112BB0492D00B55FE2 /* XCRemoteSwiftPackageReference "firebase-ios-sdk" */;
			productName = FirebaseCrashlytics;
		};
		D52BF2242BB0492D00B55FE2 /* FirebaseDatabase */ = {
			isa = XCSwiftPackageProductDependency;
			package = D52BF2112BB0492D00B55FE2 /* XCRemoteSwiftPackageReference "firebase-ios-sdk" */;
			productName = FirebaseDatabase;
		};
		D52BF2262BB0492D00B55FE2 /* FirebaseDatabaseSwift */ = {
			isa = XCSwiftPackageProductDependency;
			package = D52BF2112BB0492D00B55FE2 /* XCRemoteSwiftPackageReference "firebase-ios-sdk" */;
			productName = FirebaseDatabaseSwift;
		};
		D52BF2282BB0492D00B55FE2 /* FirebaseDynamicLinks */ = {
			isa = XCSwiftPackageProductDependency;
			package = D52BF2112BB0492D00B55FE2 /* XCRemoteSwiftPackageReference "firebase-ios-sdk" */;
			productName = FirebaseDynamicLinks;
		};
		D52BF22A2BB0492D00B55FE2 /* FirebaseFirestore */ = {
			isa = XCSwiftPackageProductDependency;
			package = D52BF2112BB0492D00B55FE2 /* XCRemoteSwiftPackageReference "firebase-ios-sdk" */;
			productName = FirebaseFirestore;
		};
		D52BF22C2BB0492D00B55FE2 /* FirebaseFirestoreCombine-Community */ = {
			isa = XCSwiftPackageProductDependency;
			package = D52BF2112BB0492D00B55FE2 /* XCRemoteSwiftPackageReference "firebase-ios-sdk" */;
			productName = "FirebaseFirestoreCombine-Community";
		};
		D52BF22E2BB0492D00B55FE2 /* FirebaseFirestoreSwift */ = {
			isa = XCSwiftPackageProductDependency;
			package = D52BF2112BB0492D00B55FE2 /* XCRemoteSwiftPackageReference "firebase-ios-sdk" */;
			productName = FirebaseFirestoreSwift;
		};
		D52BF2302BB0492D00B55FE2 /* FirebaseFunctions */ = {
			isa = XCSwiftPackageProductDependency;
			package = D52BF2112BB0492D00B55FE2 /* XCRemoteSwiftPackageReference "firebase-ios-sdk" */;
			productName = FirebaseFunctions;
		};
		D52BF2322BB0492D00B55FE2 /* FirebaseFunctionsCombine-Community */ = {
			isa = XCSwiftPackageProductDependency;
			package = D52BF2112BB0492D00B55FE2 /* XCRemoteSwiftPackageReference "firebase-ios-sdk" */;
			productName = "FirebaseFunctionsCombine-Community";
		};
		D52BF2342BB0492D00B55FE2 /* FirebaseInAppMessaging-Beta */ = {
			isa = XCSwiftPackageProductDependency;
			package = D52BF2112BB0492D00B55FE2 /* XCRemoteSwiftPackageReference "firebase-ios-sdk" */;
			productName = "FirebaseInAppMessaging-Beta";
		};
		D52BF2362BB0492D00B55FE2 /* FirebaseInAppMessagingSwift-Beta */ = {
			isa = XCSwiftPackageProductDependency;
			package = D52BF2112BB0492D00B55FE2 /* XCRemoteSwiftPackageReference "firebase-ios-sdk" */;
			productName = "FirebaseInAppMessagingSwift-Beta";
		};
		D52BF2382BB0492D00B55FE2 /* FirebaseInstallations */ = {
			isa = XCSwiftPackageProductDependency;
			package = D52BF2112BB0492D00B55FE2 /* XCRemoteSwiftPackageReference "firebase-ios-sdk" */;
			productName = FirebaseInstallations;
		};
		D52BF23A2BB0492D00B55FE2 /* FirebaseMLModelDownloader */ = {
			isa = XCSwiftPackageProductDependency;
			package = D52BF2112BB0492D00B55FE2 /* XCRemoteSwiftPackageReference "firebase-ios-sdk" */;
			productName = FirebaseMLModelDownloader;
		};
		D52BF23C2BB0492D00B55FE2 /* FirebaseMessaging */ = {
			isa = XCSwiftPackageProductDependency;
			package = D52BF2112BB0492D00B55FE2 /* XCRemoteSwiftPackageReference "firebase-ios-sdk" */;
			productName = FirebaseMessaging;
		};
		D52BF23E2BB0492D00B55FE2 /* FirebasePerformance */ = {
			isa = XCSwiftPackageProductDependency;
			package = D52BF2112BB0492D00B55FE2 /* XCRemoteSwiftPackageReference "firebase-ios-sdk" */;
			productName = FirebasePerformance;
		};
		D52BF2402BB0492D00B55FE2 /* FirebaseRemoteConfig */ = {
			isa = XCSwiftPackageProductDependency;
			package = D52BF2112BB0492D00B55FE2 /* XCRemoteSwiftPackageReference "firebase-ios-sdk" */;
			productName = FirebaseRemoteConfig;
		};
		D52BF2422BB0492D00B55FE2 /* FirebaseRemoteConfigSwift */ = {
			isa = XCSwiftPackageProductDependency;
			package = D52BF2112BB0492D00B55FE2 /* XCRemoteSwiftPackageReference "firebase-ios-sdk" */;
			productName = FirebaseRemoteConfigSwift;
		};
		D52BF2442BB0492D00B55FE2 /* FirebaseStorage */ = {
			isa = XCSwiftPackageProductDependency;
			package = D52BF2112BB0492D00B55FE2 /* XCRemoteSwiftPackageReference "firebase-ios-sdk" */;
			productName = FirebaseStorage;
		};
		D52BF2462BB0492D00B55FE2 /* FirebaseStorageCombine-Community */ = {
			isa = XCSwiftPackageProductDependency;
			package = D52BF2112BB0492D00B55FE2 /* XCRemoteSwiftPackageReference "firebase-ios-sdk" */;
			productName = "FirebaseStorageCombine-Community";
		};
/* End XCSwiftPackageProductDependency section */
	};
	rootObject = D52BF1F62BB0486200B55FE2 /* Project object */;
}
